
Microsoft Visual Studio Solution File, Format Version 12.00
# Visual Studio Version 16
VisualStudioVersion = 16.0.31424.327
MinimumVisualStudioVersion = 10.0.40219.1
Project("{2150E333-8FDC-42A3-9474-1A3956D46DE8}") = "assets", "assets", "{C3772225-92D9-4D20-AB1E-2728F6D7B582}"
	ProjectSection(SolutionItems) = preProject
		content.json = content.json
	EndProjectSection
EndProject
Project("{2150E333-8FDC-42A3-9474-1A3956D46DE8}") = "test", "test", "{2BD314AC-D64F-4C6C-BE49-0852BCA1D0C4}"
EndProject
Project("{9A19103F-16F7-4668-BE54-9A1E7A4F7556}") = "Tourism.Server.IntegrationTests", "Tourism.Server.IntegrationTest\Tourism.Server.IntegrationTests.csproj", "{508A4956-F0B3-4695-9853-CE2617452D45}"
EndProject
Project("{2150E333-8FDC-42A3-9474-1A3956D46DE8}") = "src", "src", "{DC6F8347-BB5F-432A-9A32-29560A0C4B47}"
EndProject
Project("{9A19103F-16F7-4668-BE54-9A1E7A4F7556}") = "Tourism.Infrastructure", "Tourism.Infrastructure\Tourism.Infrastructure.csproj", "{30902E55-8FB9-4BF1-971F-AE0EDC75FD30}"
EndProject
Project("{9A19103F-16F7-4668-BE54-9A1E7A4F7556}") = "Tourism.Core", "Tourism.Application\Tourism.Core.csproj", "{AF257F77-CAB1-4918-A28F-A4CFE38EBA49}"
EndProject
Project("{9A19103F-16F7-4668-BE54-9A1E7A4F7556}") = "Tourism.WebApp", "Tourism.WebApp\Tourism.WebApp.csproj", "{9920C47F-E81D-4CE7-AF03-18DEFA2B8AE0}"
EndProject
Global
	GlobalSection(SolutionConfigurationPlatforms) = preSolution
		Debug|Any CPU = Debug|Any CPU
		Release|Any CPU = Release|Any CPU
	EndGlobalSection
	GlobalSection(ProjectConfigurationPlatforms) = postSolution
		{508A4956-F0B3-4695-9853-CE2617452D45}.Debug|Any CPU.ActiveCfg = Debug|Any CPU
		{508A4956-F0B3-4695-9853-CE2617452D45}.Debug|Any CPU.Build.0 = Debug|Any CPU
		{508A4956-F0B3-4695-9853-CE2617452D45}.Release|Any CPU.ActiveCfg = Release|Any CPU
		{508A4956-F0B3-4695-9853-CE2617452D45}.Release|Any CPU.Build.0 = Release|Any CPU
		{30902E55-8FB9-4BF1-971F-AE0EDC75FD30}.Debug|Any CPU.ActiveCfg = Debug|Any CPU
		{30902E55-8FB9-4BF1-971F-AE0EDC75FD30}.Debug|Any CPU.Build.0 = Debug|Any CPU
		{30902E55-8FB9-4BF1-971F-AE0EDC75FD30}.Release|Any CPU.ActiveCfg = Release|Any CPU
		{30902E55-8FB9-4BF1-971F-AE0EDC75FD30}.Release|Any CPU.Build.0 = Release|Any CPU
		{AF257F77-CAB1-4918-A28F-A4CFE38EBA49}.Debug|Any CPU.ActiveCfg = Debug|Any CPU
		{AF257F77-CAB1-4918-A28F-A4CFE38EBA49}.Debug|Any CPU.Build.0 = Debug|Any CPU
		{AF257F77-CAB1-4918-A28F-A4CFE38EBA49}.Release|Any CPU.ActiveCfg = Release|Any CPU
		{AF257F77-CAB1-4918-A28F-A4CFE38EBA49}.Release|Any CPU.Build.0 = Release|Any CPU
		{9920C47F-E81D-4CE7-AF03-18DEFA2B8AE0}.Debug|Any CPU.ActiveCfg = Debug|Any CPU
		{9920C47F-E81D-4CE7-AF03-18DEFA2B8AE0}.Debug|Any CPU.Build.0 = Debug|Any CPU
		{9920C47F-E81D-4CE7-AF03-18DEFA2B8AE0}.Release|Any CPU.ActiveCfg = Release|Any CPU
		{9920C47F-E81D-4CE7-AF03-18DEFA2B8AE0}.Release|Any CPU.Build.0 = Release|Any CPU
	EndGlobalSection
	GlobalSection(SolutionProperties) = preSolution
		HideSolutionNode = FALSE
	EndGlobalSection
	GlobalSection(NestedProjects) = preSolution
		{508A4956-F0B3-4695-9853-CE2617452D45} = {2BD314AC-D64F-4C6C-BE49-0852BCA1D0C4}
		{30902E55-8FB9-4BF1-971F-AE0EDC75FD30} = {DC6F8347-BB5F-432A-9A32-29560A0C4B47}
		{AF257F77-CAB1-4918-A28F-A4CFE38EBA49} = {DC6F8347-BB5F-432A-9A32-29560A0C4B47}
		{9920C47F-E81D-4CE7-AF03-18DEFA2B8AE0} = {DC6F8347-BB5F-432A-9A32-29560A0C4B47}
	EndGlobalSection
	GlobalSection(ExtensibilityGlobals) = postSolution
		SolutionGuid = {A5C2CC86-AD67-43C3-B90C-5096CB023273}
	EndGlobalSection
EndGlobal
